// !$*UTF8*$!
{
	archiveVersion = 1;
	classes = {
	};
	objectVersion = 70;
	objects = {

/* Begin PBXBuildFile section */
		353255442FA5F91900B1D01C /* Assets.xcassets in Resources */ = {isa = PBXBuildFile; fileRef = 353255432FA5F91900B1D01C /* Assets.xcassets */; };
		A21C15012FA7A31000309272 /* aerun Watch App.app in Embed Watch Content */ = {isa = PBXBuildFile; fileRef = A21C15002FA7A31000309272 /* aerun Watch App.app */; settings = {ATTRIBUTES = (RemoveHeadersOnCopy, ); }; };
		A2E743872FA9864D00352B7D /* ContentView 2.swift in Sources */ = {isa = PBXBuildFile; fileRef = A2E743862FA9864D00352B7D /* ContentView 2.swift */; };
		A2E743882FA9864D00352B7D /* AerunApp 2.swift in Sources */ = {isa = PBXBuildFile; fileRef = A2E743852FA9864D00352B7D /* AerunApp 2.swift */; };
		A2E7438D2FA9867F00352B7D /* Typography 2.swift in Sources */ = {isa = PBXBuildFile; fileRef = A2E7438C2FA9867F00352B7D /* Typography 2.swift */; };
		A2E7438E2FA9867F00352B7D /* PrimaryButton 2.swift in Sources */ = {isa = PBXBuildFile; fileRef = A2E7438B2FA9867F00352B7D /* PrimaryButton 2.swift */; };
		A2E7438F2FA9867F00352B7D /* Colors 2.swift in Sources */ = {isa = PBXBuildFile; fileRef = A2E7438A2FA9867F00352B7D /* Colors 2.swift */; };
		A2E743932FA986AB00352B7D /* HomeView 2.swift in Sources */ = {isa = PBXBuildFile; fileRef = A2E743912FA986AB00352B7D /* HomeView 2.swift */; };
		A2E743942FA986AB00352B7D /* HistoryView.swift in Sources */ = {isa = PBXBuildFile; fileRef = A2E743902FA986AB00352B7D /* HistoryView.swift */; };
		A2E743952FA986AB00352B7D /* HomeViewModel 2.swift in Sources */ = {isa = PBXBuildFile; fileRef = A2E743922FA986AB00352B7D /* HomeViewModel 2.swift */; };
		A2E7439F2FA986E500352B7D /* HapticExplanationView 2.swift in Sources */ = {isa = PBXBuildFile; fileRef = A2E743992FA986E500352B7D /* HapticExplanationView 2.swift */; };
		A2E743A02FA986E500352B7D /* OnboardingContainerView 2.swift in Sources */ = {isa = PBXBuildFile; fileRef = A2E7439B2FA986E500352B7D /* OnboardingContainerView 2.swift */; };
		A2E743A12FA986E500352B7D /* OnboardingViewModel 2.swift in Sources */ = {isa = PBXBuildFile; fileRef = A2E7439C2FA986E500352B7D /* OnboardingViewModel 2.swift */; };
		A2E743A22FA986E500352B7D /* ConnectHealthView 2.swift in Sources */ = {isa = PBXBuildFile; fileRef = A2E743962FA986E500352B7D /* ConnectHealthView 2.swift */; };
		A2E743A32FA986E500352B7D /* HealthKitManager 2.swift in Sources */ = {isa = PBXBuildFile; fileRef = A2E7439A2FA986E500352B7D /* HealthKitManager 2.swift */; };
		A2E743A42FA986E500352B7D /* SplashView.swift in Sources */ = {isa = PBXBuildFile; fileRef = A2E7439D2FA986E500352B7D /* SplashView.swift */; };
		A2E743A52FA986E500352B7D /* YoureAllSetView 2.swift in Sources */ = {isa = PBXBuildFile; fileRef = A2E7439E2FA986E500352B7D /* YoureAllSetView 2.swift */; };
		A2E743A62FA986E500352B7D /* ConnectWatchView 2.swift in Sources */ = {isa = PBXBuildFile; fileRef = A2E743972FA986E500352B7D /* ConnectWatchView 2.swift */; };
		A2E743A72FA986E500352B7D /* GreetingView 2.swift in Sources */ = {isa = PBXBuildFile; fileRef = A2E743982FA986E500352B7D /* GreetingView 2.swift */; };
		A2E743AC2FA9870300352B7D /* UserProfile 2.swift in Sources */ = {isa = PBXBuildFile; fileRef = A2E743AB2FA9870300352B7D /* UserProfile 2.swift */; };
		A2E743AD2FA9870300352B7D /* BarComponent.swift in Sources */ = {isa = PBXBuildFile; fileRef = A2E743A82FA9870300352B7D /* BarComponent.swift */; };
		A2E743AE2FA9870300352B7D /* HeartRateZone 2.swift in Sources */ = {isa = PBXBuildFile; fileRef = A2E743AA2FA9870300352B7D /* HeartRateZone 2.swift */; };
		A2E743AF2FA9870300352B7D /* CardComponent.swift in Sources */ = {isa = PBXBuildFile; fileRef = A2E743A92FA9870300352B7D /* CardComponent.swift */; };
		A2E743B22FA9871F00352B7D /* WatchConnectivityService 2.swift in Sources */ = {isa = PBXBuildFile; fileRef = A2E743B12FA9871F00352B7D /* WatchConnectivityService 2.swift */; };
		A2E743B32FA9871F00352B7D /* HealthKitService 2.swift in Sources */ = {isa = PBXBuildFile; fileRef = A2E743B02FA9871F00352B7D /* HealthKitService 2.swift */; };
/* End PBXBuildFile section */

/* Begin PBXContainerItemProxy section */
		A21C15022FA7A31000309272 /* PBXContainerItemProxy */ = {
			isa = PBXContainerItemProxy;
			containerPortal = B0010001 /* Project object */;
			proxyType = 1;
			remoteGlobalIDString = A21C14FF2FA7A31000309272;
			remoteInfo = "aerun Watch App";
		};
/* End PBXContainerItemProxy section */

/* Begin PBXCopyFilesBuildPhase section */
		A21C150E2FA7A31100309272 /* Embed Watch Content */ = {
			isa = PBXCopyFilesBuildPhase;
			buildActionMask = 2147483647;
			dstPath = "$(CONTENTS_FOLDER_PATH)/Watch";
			dstSubfolderSpec = 16;
			files = (
				A21C15012FA7A31000309272 /* aerun Watch App.app in Embed Watch Content */,
			);
			name = "Embed Watch Content";
			runOnlyForDeploymentPostprocessing = 0;
		};
/* End PBXCopyFilesBuildPhase section */

/* Begin PBXFileReference section */
		353255432FA5F91900B1D01C /* Assets.xcassets */ = {isa = PBXFileReference; lastKnownFileType = folder.assetcatalog; name = Assets.xcassets; path = Aerun/Assets.xcassets; sourceTree = "<group>"; };
		353255472FA613EA00B1D01C /* Aerun.entitlements */ = {isa = PBXFileReference; lastKnownFileType = text.plist.entitlements; name = Aerun.entitlements; path = Aerun/Aerun.entitlements; sourceTree = "<group>"; };
		353255482FA6144800B1D01C /* Info.plist */ = {isa = PBXFileReference; lastKnownFileType = text.plist; name = Info.plist; path = Aerun/Info.plist; sourceTree = "<group>"; };
		A21C14FB2FA7A31000309272 /* aerun.app */ = {isa = PBXFileReference; explicitFileType = wrapper.application; includeInIndex = 0; path = aerun.app; sourceTree = BUILT_PRODUCTS_DIR; };
		A21C15002FA7A31000309272 /* aerun Watch App.app */ = {isa = PBXFileReference; explicitFileType = wrapper.application; includeInIndex = 0; path = "aerun Watch App.app"; sourceTree = BUILT_PRODUCTS_DIR; };
		A2E743852FA9864D00352B7D /* AerunApp 2.swift */ = {isa = PBXFileReference; lastKnownFileType = sourcecode.swift; path = "AerunApp 2.swift"; sourceTree = "<group>"; };
		A2E743862FA9864D00352B7D /* ContentView 2.swift */ = {isa = PBXFileReference; lastKnownFileType = sourcecode.swift; path = "ContentView 2.swift"; sourceTree = "<group>"; };
		A2E743892FA9865400352B7D /* aerun-Bridging-Header.h */ = {isa = PBXFileReference; lastKnownFileType = sourcecode.c.h; path = "aerun-Bridging-Header.h"; sourceTree = "<group>"; };
		A2E7438A2FA9867F00352B7D /* Colors 2.swift */ = {isa = PBXFileReference; lastKnownFileType = sourcecode.swift; path = "Colors 2.swift"; sourceTree = "<group>"; };
		A2E7438B2FA9867F00352B7D /* PrimaryButton 2.swift */ = {isa = PBXFileReference; lastKnownFileType = sourcecode.swift; path = "PrimaryButton 2.swift"; sourceTree = "<group>"; };
		A2E7438C2FA9867F00352B7D /* Typography 2.swift */ = {isa = PBXFileReference; lastKnownFileType = sourcecode.swift; path = "Typography 2.swift"; sourceTree = "<group>"; };
		A2E743902FA986AB00352B7D /* HistoryView.swift */ = {isa = PBXFileReference; lastKnownFileType = sourcecode.swift; path = HistoryView.swift; sourceTree = "<group>"; };
		A2E743912FA986AB00352B7D /* HomeView 2.swift */ = {isa = PBXFileReference; lastKnownFileType = sourcecode.swift; path = "HomeView 2.swift"; sourceTree = "<group>"; };
		A2E743922FA986AB00352B7D /* HomeViewModel 2.swift */ = {isa = PBXFileReference; lastKnownFileType = sourcecode.swift; path = "HomeViewModel 2.swift"; sourceTree = "<group>"; };
		A2E743962FA986E500352B7D /* ConnectHealthView 2.swift */ = {isa = PBXFileReference; lastKnownFileType = sourcecode.swift; path = "ConnectHealthView 2.swift"; sourceTree = "<group>"; };
		A2E743972FA986E500352B7D /* ConnectWatchView 2.swift */ = {isa = PBXFileReference; lastKnownFileType = sourcecode.swift; path = "ConnectWatchView 2.swift"; sourceTree = "<group>"; };
		A2E743982FA986E500352B7D /* GreetingView 2.swift */ = {isa = PBXFileReference; lastKnownFileType = sourcecode.swift; path = "GreetingView 2.swift"; sourceTree = "<group>"; };
		A2E743992FA986E500352B7D /* HapticExplanationView 2.swift */ = {isa = PBXFileReference; lastKnownFileType = sourcecode.swift; path = "HapticExplanationView 2.swift"; sourceTree = "<group>"; };
		A2E7439A2FA986E500352B7D /* HealthKitManager 2.swift */ = {isa = PBXFileReference; lastKnownFileType = sourcecode.swift; path = "HealthKitManager 2.swift"; sourceTree = "<group>"; };
		A2E7439B2FA986E500352B7D /* OnboardingContainerView 2.swift */ = {isa = PBXFileReference; lastKnownFileType = sourcecode.swift; path = "OnboardingContainerView 2.swift"; sourceTree = "<group>"; };
		A2E7439C2FA986E500352B7D /* OnboardingViewModel 2.swift */ = {isa = PBXFileReference; lastKnownFileType = sourcecode.swift; path = "OnboardingViewModel 2.swift"; sourceTree = "<group>"; };
		A2E7439D2FA986E500352B7D /* SplashView.swift */ = {isa = PBXFileReference; lastKnownFileType = sourcecode.swift; path = SplashView.swift; sourceTree = "<group>"; };
		A2E7439E2FA986E500352B7D /* YoureAllSetView 2.swift */ = {isa = PBXFileReference; lastKnownFileType = sourcecode.swift; path = "YoureAllSetView 2.swift"; sourceTree = "<group>"; };
		A2E743A82FA9870300352B7D /* BarComponent.swift */ = {isa = PBXFileReference; lastKnownFileType = sourcecode.swift; path = BarComponent.swift; sourceTree = "<group>"; };
		A2E743A92FA9870300352B7D /* CardComponent.swift */ = {isa = PBXFileReference; lastKnownFileType = sourcecode.swift; path = CardComponent.swift; sourceTree = "<group>"; };
		A2E743AA2FA9870300352B7D /* HeartRateZone 2.swift */ = {isa = PBXFileReference; lastKnownFileType = sourcecode.swift; path = "HeartRateZone 2.swift"; sourceTree = "<group>"; };
		A2E743AB2FA9870300352B7D /* UserProfile 2.swift */ = {isa = PBXFileReference; lastKnownFileType = sourcecode.swift; path = "UserProfile 2.swift"; sourceTree = "<group>"; };
		A2E743B02FA9871F00352B7D /* HealthKitService 2.swift */ = {isa = PBXFileReference; lastKnownFileType = sourcecode.swift; path = "HealthKitService 2.swift"; sourceTree = "<group>"; };
		A2E743B12FA9871F00352B7D /* WatchConnectivityService 2.swift */ = {isa = PBXFileReference; lastKnownFileType = sourcecode.swift; path = "WatchConnectivityService 2.swift"; sourceTree = "<group>"; };
		B0010010 /* Aerun.app */ = {isa = PBXFileReference; explicitFileType = wrapper.application; includeInIndex = 0; path = Aerun.app; sourceTree = BUILT_PRODUCTS_DIR; };
/* End PBXFileReference section */

/* Begin PBXFileSystemSynchronizedRootGroup section */
		A21C15042FA7A31000309272 /* Watch App */ = {isa = PBXFileSystemSynchronizedRootGroup; explicitFileTypes = {}; explicitFolders = (); path = "Watch App"; sourceTree = "<group>"; };
/* End PBXFileSystemSynchronizedRootGroup section */

/* Begin PBXFrameworksBuildPhase section */
		A21C14FD2FA7A31000309272 /* Frameworks */ = {
			isa = PBXFrameworksBuildPhase;
			buildActionMask = 2147483647;
			files = (
			);
			runOnlyForDeploymentPostprocessing = 0;
		};
		B0010013 /* Frameworks */ = {
			isa = PBXFrameworksBuildPhase;
			buildActionMask = 2147483647;
			files = (
			);
			runOnlyForDeploymentPostprocessing = 0;
		};
/* End PBXFrameworksBuildPhase section */

/* Begin PBXGroup section */
		3532551B2FA5F7D700B1D01C /* App */ = {
			isa = PBXGroup;
			children = (
				A2E743852FA9864D00352B7D /* AerunApp 2.swift */,
				A2E743862FA9864D00352B7D /* ContentView 2.swift */,
				A2E743892FA9865400352B7D /* aerun-Bridging-Header.h */,
			);
			path = App;
			sourceTree = "<group>";
		};
		3532551F2FA5F7D700B1D01C /* Common */ = {
			isa = PBXGroup;
			children = (
				A2E7438A2FA9867F00352B7D /* Colors 2.swift */,
				A2E7438B2FA9867F00352B7D /* PrimaryButton 2.swift */,
				A2E7438C2FA9867F00352B7D /* Typography 2.swift */,
			);
			path = Common;
			sourceTree = "<group>";
		};
		353255222FA5F7D700B1D01C /* Home */ = {
			isa = PBXGroup;
			children = (
				A2E743902FA986AB00352B7D /* HistoryView.swift */,
				A2E743912FA986AB00352B7D /* HomeView 2.swift */,
				A2E743922FA986AB00352B7D /* HomeViewModel 2.swift */,
			);
			path = Home;
			sourceTree = "<group>";
		};
		353255292FA5F7D700B1D01C /* Onboarding */ = {
			isa = PBXGroup;
			children = (
				A2E743962FA986E500352B7D /* ConnectHealthView 2.swift */,
				A2E743972FA986E500352B7D /* ConnectWatchView 2.swift */,
				A2E743982FA986E500352B7D /* GreetingView 2.swift */,
				A2E743992FA986E500352B7D /* HapticExplanationView 2.swift */,
				A2E7439A2FA986E500352B7D /* HealthKitManager 2.swift */,
				A2E7439B2FA986E500352B7D /* OnboardingContainerView 2.swift */,
				A2E7439C2FA986E500352B7D /* OnboardingViewModel 2.swift */,
				A2E7439D2FA986E500352B7D /* SplashView.swift */,
				A2E7439E2FA986E500352B7D /* YoureAllSetView 2.swift */,
			);
			path = Onboarding;
			sourceTree = "<group>";
		};
		3532552A2FA5F7D700B1D01C /* Features */ = {
			isa = PBXGroup;
			children = (
				3532551F2FA5F7D700B1D01C /* Common */,
				353255222FA5F7D700B1D01C /* Home */,
				353255292FA5F7D700B1D01C /* Onboarding */,
			);
			path = Features;
			sourceTree = "<group>";
		};
		3532552D2FA5F7D700B1D01C /* Models */ = {
			isa = PBXGroup;
			children = (
				A2E743A82FA9870300352B7D /* BarComponent.swift */,
				A2E743A92FA9870300352B7D /* CardComponent.swift */,
				A2E743AA2FA9870300352B7D /* HeartRateZone 2.swift */,
				A2E743AB2FA9870300352B7D /* UserProfile 2.swift */,
			);
			path = Models;
			sourceTree = "<group>";
		};
		353255302FA5F7D700B1D01C /* Services */ = {
			isa = PBXGroup;
			children = (
				A2E743B02FA9871F00352B7D /* HealthKitService 2.swift */,
				A2E743B12FA9871F00352B7D /* WatchConnectivityService 2.swift */,
			);
			path = Services;
			sourceTree = "<group>";
		};
		353255312FA5F7D700B1D01C /* IOS */ = {
			isa = PBXGroup;
			children = (
				3532551B2FA5F7D700B1D01C /* App */,
				3532552A2FA5F7D700B1D01C /* Features */,
				3532552D2FA5F7D700B1D01C /* Models */,
				353255302FA5F7D700B1D01C /* Services */,
			);
			name = IOS;
			path = Aerun/IOS;
			sourceTree = "<group>";
		};
		B0010021 /* Products */ = {
			isa = PBXGroup;
			children = (
				B0010010 /* Aerun.app */,
				A21C14FB2FA7A31000309272 /* aerun.app */,
				A21C15002FA7A31000309272 /* aerun Watch App.app */,
			);
			name = Products;
			sourceTree = "<group>";
		};
		B0010022 = {
			isa = PBXGroup;
			children = (
				353255482FA6144800B1D01C /* Info.plist */,
				353255472FA613EA00B1D01C /* Aerun.entitlements */,
				353255432FA5F91900B1D01C /* Assets.xcassets */,
				353255312FA5F7D700B1D01C /* IOS */,
				A21C15042FA7A31000309272 /* Watch App */,
				B0010021 /* Products */,
			);
			sourceTree = "<group>";
		};
/* End PBXGroup section */

/* Begin PBXNativeTarget section */
		A21C14FA2FA7A31000309272 /* aerun */ = {
			isa = PBXNativeTarget;
			buildConfigurationList = A21C150F2FA7A31100309272 /* Build configuration list for PBXNativeTarget "aerun" */;
			buildPhases = (
				A21C14F92FA7A31000309272 /* Resources */,
				A21C150E2FA7A31100309272 /* Embed Watch Content */,
			);
			buildRules = (
			);
			dependencies = (
				A21C15032FA7A31000309272 /* PBXTargetDependency */,
			);
			name = aerun;
			packageProductDependencies = (
			);
			productName = aerun;
			productReference = A21C14FB2FA7A31000309272 /* aerun.app */;
			productType = "com.apple.product-type.application.watchapp2-container";
		};
		A21C14FF2FA7A31000309272 /* aerun Watch App */ = {
			isa = PBXNativeTarget;
			buildConfigurationList = A21C150B2FA7A31100309272 /* Build configuration list for PBXNativeTarget "aerun Watch App" */;
			buildPhases = (
				A21C14FC2FA7A31000309272 /* Sources */,
				A21C14FD2FA7A31000309272 /* Frameworks */,
				A21C14FE2FA7A31000309272 /* Resources */,
			);
			buildRules = (
			);
			dependencies = (
			);
			fileSystemSynchronizedGroups = (
				A21C15042FA7A31000309272 /* Watch App */,
			);
			name = "aerun Watch App";
			packageProductDependencies = (
			);
			productName = "aerun Watch App";
			productReference = A21C15002FA7A31000309272 /* aerun Watch App.app */;
			productType = "com.apple.product-type.application";
		};
		B0010014 /* Aerun */ = {
			isa = PBXNativeTarget;
			buildConfigurationList = B0010030 /* Build configuration list for PBXNativeTarget "Aerun" */;
			buildPhases = (
				B0010012 /* Sources */,
				B0010013 /* Frameworks */,
				B0010015 /* Resources */,
			);
			buildRules = (
			);
			dependencies = (
			);
			name = Aerun;
			productName = Aerun;
			productReference = B0010010 /* Aerun.app */;
			productType = "com.apple.product-type.application";
		};
/* End PBXNativeTarget section */

/* Begin PBXProject section */
		B0010001 /* Project object */ = {
			isa = PBXProject;
			attributes = {
				BuildIndependentTargetsInParallel = 1;
				LastSwiftUpdateCheck = 2640;
				LastUpgradeCheck = 2640;
				TargetAttributes = {
					A21C14FA2FA7A31000309272 = {
						CreatedOnToolsVersion = 26.4.1;
						LastSwiftMigration = 2640;
					};
					A21C14FF2FA7A31000309272 = {
						CreatedOnToolsVersion = 26.4.1;
					};
					B0010014 = {
						CreatedOnToolsVersion = 15.0;
					};
				};
			};
			buildConfigurationList = B0010002 /* Build configuration list for PBXProject "Aerun" */;
			compatibilityVersion = "Xcode 14.0";
			developmentRegion = en;
			hasScannedForEncodings = 0;
			knownRegions = (
				en,
				Base,
			);
			mainGroup = B0010022;
			productRefGroup = B0010021 /* Products */;
			projectDirPath = "";
			projectRoot = "";
			targets = (
				B0010014 /* Aerun */,
				A21C14FA2FA7A31000309272 /* aerun */,
				A21C14FF2FA7A31000309272 /* aerun Watch App */,
			);
		};
/* End PBXProject section */

/* Begin PBXResourcesBuildPhase section */
		A21C14F92FA7A31000309272 /* Resources */ = {
			isa = PBXResourcesBuildPhase;
			buildActionMask = 2147483647;
			files = (
			);
			runOnlyForDeploymentPostprocessing = 0;
		};
		A21C14FE2FA7A31000309272 /* Resources */ = {
			isa = PBXResourcesBuildPhase;
			buildActionMask = 2147483647;
			files = (
			);
			runOnlyForDeploymentPostprocessing = 0;
		};
		B0010015 /* Resources */ = {
			isa = PBXResourcesBuildPhase;
			buildActionMask = 2147483647;
			files = (
				353255442FA5F91900B1D01C /* Assets.xcassets in Resources */,
			);
			runOnlyForDeploymentPostprocessing = 0;
		};
/* End PBXResourcesBuildPhase section */

/* Begin PBXSourcesBuildPhase section */
		A21C14FC2FA7A31000309272 /* Sources */ = {
			isa = PBXSourcesBuildPhase;
			buildActionMask = 2147483647;
			files = (
			);
			runOnlyForDeploymentPostprocessing = 0;
		};
		B0010012 /* Sources */ = {
			isa = PBXSourcesBuildPhase;
			buildActionMask = 2147483647;
			files = (
				A2E743872FA9864D00352B7D /* ContentView 2.swift in Sources */,
				A2E743882FA9864D00352B7D /* AerunApp 2.swift in Sources */,
				A2E7439F2FA986E500352B7D /* HapticExplanationView 2.swift in Sources */,
				A2E743A02FA986E500352B7D /* OnboardingContainerView 2.swift in Sources */,
				A2E743A12FA986E500352B7D /* OnboardingViewModel 2.swift in Sources */,
				A2E743A22FA986E500352B7D /* ConnectHealthView 2.swift in Sources */,
				A2E743A32FA986E500352B7D /* HealthKitManager 2.swift in Sources */,
				A2E743A42FA986E500352B7D /* SplashView.swift in Sources */,
				A2E743A52FA986E500352B7D /* YoureAllSetView 2.swift in Sources */,
				A2E743A62FA986E500352B7D /* ConnectWatchView 2.swift in Sources */,
				A2E743AC2FA9870300352B7D /* UserProfile 2.swift in Sources */,
				A2E743AD2FA9870300352B7D /* BarComponent.swift in Sources */,
				A2E743AE2FA9870300352B7D /* HeartRateZone 2.swift in Sources */,
				A2E743AF2FA9870300352B7D /* CardComponent.swift in Sources */,
				A2E743A72FA986E500352B7D /* GreetingView 2.swift in Sources */,
				A2E743932FA986AB00352B7D /* HomeView 2.swift in Sources */,
				A2E743942FA986AB00352B7D /* HistoryView.swift in Sources */,
				A2E743952FA986AB00352B7D /* HomeViewModel 2.swift in Sources */,
				A2E7438D2FA9867F00352B7D /* Typography 2.swift in Sources */,
				A2E7438E2FA9867F00352B7D /* PrimaryButton 2.swift in Sources */,
				A2E743B22FA9871F00352B7D /* WatchConnectivityService 2.swift in Sources */,
				A2E743B32FA9871F00352B7D /* HealthKitService 2.swift in Sources */,
				A2E7438F2FA9867F00352B7D /* Colors 2.swift in Sources */,
			);
			runOnlyForDeploymentPostprocessing = 0;
		};
/* End PBXSourcesBuildPhase section */

/* Begin PBXTargetDependency section */
		A21C15032FA7A31000309272 /* PBXTargetDependency */ = {
			isa = PBXTargetDependency;
			target = A21C14FF2FA7A31000309272 /* aerun Watch App */;
			targetProxy = A21C15022FA7A31000309272 /* PBXContainerItemProxy */;
		};
/* End PBXTargetDependency section */

/* Begin XCBuildConfiguration section */
		A21C150C2FA7A31100309272 /* Debug */ = {
			isa = XCBuildConfiguration;
			buildSettings = {
				ASSETCATALOG_COMPILER_APPICON_NAME = AppIcon;
				ASSETCATALOG_COMPILER_GENERATE_SWIFT_ASSET_SYMBOL_EXTENSIONS = YES;
				ASSETCATALOG_COMPILER_GLOBAL_ACCENT_COLOR_NAME = AccentColor;
				CLANG_ANALYZER_NUMBER_OBJECT_CONVERSION = YES_AGGRESSIVE;
				CLANG_CXX_LANGUAGE_STANDARD = "gnu++20";
				CLANG_ENABLE_OBJC_WEAK = YES;
				CLANG_WARN_DIRECT_OBJC_ISA_USAGE = YES_ERROR;
				CLANG_WARN_DOCUMENTATION_COMMENTS = YES;
				CLANG_WARN_OBJC_ROOT_CLASS = YES_ERROR;
				CLANG_WARN_UNGUARDED_AVAILABILITY = YES_AGGRESSIVE;
				CODE_SIGN_STYLE = Automatic;
				CURRENT_PROJECT_VERSION = 1;
				DEVELOPMENT_TEAM = 29D4N8W2J4;
				ENABLE_PREVIEWS = YES;
				GCC_C_LANGUAGE_STANDARD = gnu17;
				GCC_DYNAMIC_NO_PIC = NO;
				GENERATE_INFOPLIST_FILE = YES;
				INFOPLIST_KEY_CFBundleDisplayName = aerun;
				INFOPLIST_KEY_UISupportedInterfaceOrientations = "UIInterfaceOrientationPortrait UIInterfaceOrientationPortraitUpsideDown";
				INFOPLIST_KEY_WKWatchOnly = YES;
				LD_RUNPATH_SEARCH_PATHS = (
					"$(inherited)",
					"@executable_path/Frameworks",
				);
				LOCALIZATION_PREFERS_STRING_CATALOGS = YES;
				MARKETING_VERSION = 1.0;
				MTL_ENABLE_DEBUG_INFO = INCLUDE_SOURCE;
				MTL_FAST_MATH = YES;
				PRODUCT_BUNDLE_IDENTIFIER = com.baesabil.aerun.watchkitapp;
				PRODUCT_NAME = "$(TARGET_NAME)";
				SDKROOT = watchos;
				SKIP_INSTALL = YES;
				STRING_CATALOG_GENERATE_SYMBOLS = YES;
				SWIFT_APPROACHABLE_CONCURRENCY = YES;
				SWIFT_DEFAULT_ACTOR_ISOLATION = MainActor;
				SWIFT_EMIT_LOC_STRINGS = YES;
				SWIFT_UPCOMING_FEATURE_MEMBER_IMPORT_VISIBILITY = YES;
				SWIFT_VERSION = 5.0;
				TARGETED_DEVICE_FAMILY = 4;
				WATCHOS_DEPLOYMENT_TARGET = 10.6;
			};
			name = Debug;
		};
		A21C150D2FA7A31100309272 /* Release */ = {
			isa = XCBuildConfiguration;
			buildSettings = {
				ASSETCATALOG_COMPILER_APPICON_NAME = AppIcon;
				ASSETCATALOG_COMPILER_GENERATE_SWIFT_ASSET_SYMBOL_EXTENSIONS = YES;
				ASSETCATALOG_COMPILER_GLOBAL_ACCENT_COLOR_NAME = AccentColor;
				CLANG_ANALYZER_NUMBER_OBJECT_CONVERSION = YES_AGGRESSIVE;
				CLANG_CXX_LANGUAGE_STANDARD = "gnu++20";
				CLANG_ENABLE_OBJC_WEAK = YES;
				CLANG_WARN_BOOL_CONVERSION = YES;
				CLANG_WARN_CONSTANT_CONVERSION = YES;
				CLANG_WARN_DIRECT_OBJC_ISA_USAGE = YES_ERROR;
				CLANG_WARN_DOCUMENTATION_COMMENTS = YES;
				CLANG_WARN_EMPTY_BODY = YES;
				CLANG_WARN_ENUM_CONVERSION = YES;
				CLANG_WARN_INT_CONVERSION = YES;
				CLANG_WARN_OBJC_ROOT_CLASS = YES_ERROR;
				CLANG_WARN_UNGUARDED_AVAILABILITY = YES_AGGRESSIVE;
				CLANG_WARN_UNREACHABLE_CODE = YES;
				CODE_SIGN_STYLE = Automatic;
				CURRENT_PROJECT_VERSION = 1;
				DEVELOPMENT_TEAM = 29D4N8W2J4;
				ENABLE_PREVIEWS = YES;
				GCC_C_LANGUAGE_STANDARD = gnu17;
				GENERATE_INFOPLIST_FILE = YES;
				INFOPLIST_KEY_CFBundleDisplayName = aerun;
				INFOPLIST_KEY_UISupportedInterfaceOrientations = "UIInterfaceOrientationPortrait UIInterfaceOrientationPortraitUpsideDown";
				INFOPLIST_KEY_WKWatchOnly = YES;
				LD_RUNPATH_SEARCH_PATHS = (
					"$(inherited)",
					"@executable_path/Frameworks",
				);
				LOCALIZATION_PREFERS_STRING_CATALOGS = YES;
				MARKETING_VERSION = 1.0;
				MTL_ENABLE_DEBUG_INFO = NO;
				MTL_FAST_MATH = YES;
				PRODUCT_BUNDLE_IDENTIFIER = com.baesabil.aerun.watchkitapp;
				PRODUCT_NAME = "$(TARGET_NAME)";
				SDKROOT = watchos;
				SKIP_INSTALL = YES;
				STRING_CATALOG_GENERATE_SYMBOLS = YES;
				SWIFT_APPROACHABLE_CONCURRENCY = YES;
				SWIFT_DEFAULT_ACTOR_ISOLATION = MainActor;
				SWIFT_EMIT_LOC_STRINGS = YES;
				SWIFT_UPCOMING_FEATURE_MEMBER_IMPORT_VISIBILITY = YES;
				SWIFT_VERSION = 5.0;
				TARGETED_DEVICE_FAMILY = 4;
				VALIDATE_PRODUCT = YES;
				WATCHOS_DEPLOYMENT_TARGET = 10.6;
			};
			name = Release;
		};
		A21C15102FA7A31100309272 /* Debug */ = {
			isa = XCBuildConfiguration;
			buildSettings = {
				ASSETCATALOG_COMPILER_GENERATE_SWIFT_ASSET_SYMBOL_EXTENSIONS = YES;
				CLANG_ANALYZER_NUMBER_OBJECT_CONVERSION = YES_AGGRESSIVE;
				CLANG_CXX_LANGUAGE_STANDARD = "gnu++20";
				CLANG_ENABLE_MODULES = YES;
				CLANG_ENABLE_OBJC_WEAK = YES;
				CLANG_WARN_DIRECT_OBJC_ISA_USAGE = YES_ERROR;
				CLANG_WARN_DOCUMENTATION_COMMENTS = YES;
				CLANG_WARN_OBJC_ROOT_CLASS = YES_ERROR;
				CLANG_WARN_UNGUARDED_AVAILABILITY = YES_AGGRESSIVE;
				CODE_SIGN_STYLE = Automatic;
				CURRENT_PROJECT_VERSION = 1;
				DEVELOPMENT_TEAM = 29D4N8W2J4;
				GCC_C_LANGUAGE_STANDARD = gnu17;
				GCC_DYNAMIC_NO_PIC = NO;
				INFOPLIST_KEY_CFBundleDisplayName = aerun;
				LOCALIZATION_PREFERS_STRING_CATALOGS = YES;
				MARKETING_VERSION = 1.0;
				MTL_ENABLE_DEBUG_INFO = INCLUDE_SOURCE;
				MTL_FAST_MATH = YES;
				PRODUCT_BUNDLE_IDENTIFIER = com.baesabil.aerun.watchkitapp;
				PRODUCT_NAME = "$(TARGET_NAME)";
				SWIFT_APPROACHABLE_CONCURRENCY = YES;
				SWIFT_OBJC_BRIDGING_HEADER = "Aerun/IOS/App/aerun-Bridging-Header.h";
				SWIFT_OPTIMIZATION_LEVEL = "-Onone";
				SWIFT_UPCOMING_FEATURE_MEMBER_IMPORT_VISIBILITY = YES;
				SWIFT_VERSION = 5.0;
			};
			name = Debug;
		};
		A21C15112FA7A31100309272 /* Release */ = {
			isa = XCBuildConfiguration;
			buildSettings = {
				ASSETCATALOG_COMPILER_GENERATE_SWIFT_ASSET_SYMBOL_EXTENSIONS = YES;
				CLANG_ANALYZER_NUMBER_OBJECT_CONVERSION = YES_AGGRESSIVE;
				CLANG_CXX_LANGUAGE_STANDARD = "gnu++20";
				CLANG_ENABLE_MODULES = YES;
				CLANG_ENABLE_OBJC_WEAK = YES;
				CLANG_WARN_BOOL_CONVERSION = YES;
				CLANG_WARN_CONSTANT_CONVERSION = YES;
				CLANG_WARN_DIRECT_OBJC_ISA_USAGE = YES_ERROR;
				CLANG_WARN_DOCUMENTATION_COMMENTS = YES;
				CLANG_WARN_EMPTY_BODY = YES;
				CLANG_WARN_ENUM_CONVERSION = YES;
				CLANG_WARN_INT_CONVERSION = YES;
				CLANG_WARN_OBJC_ROOT_CLASS = YES_ERROR;
				CLANG_WARN_UNGUARDED_AVAILABILITY = YES_AGGRESSIVE;
				CLANG_WARN_UNREACHABLE_CODE = YES;
				CODE_SIGN_STYLE = Automatic;
				CURRENT_PROJECT_VERSION = 1;
				DEVELOPMENT_TEAM = 29D4N8W2J4;
				GCC_C_LANGUAGE_STANDARD = gnu17;
				INFOPLIST_KEY_CFBundleDisplayName = aerun;
				LOCALIZATION_PREFERS_STRING_CATALOGS = YES;
				MARKETING_VERSION = 1.0;
				MTL_ENABLE_DEBUG_INFO = NO;
				MTL_FAST_MATH = YES;
				PRODUCT_BUNDLE_IDENTIFIER = com.baesabil.aerun.watchkitapp;
				PRODUCT_NAME = "$(TARGET_NAME)";
				SWIFT_APPROACHABLE_CONCURRENCY = YES;
				SWIFT_OBJC_BRIDGING_HEADER = "Aerun/IOS/App/aerun-Bridging-Header.h";
				SWIFT_UPCOMING_FEATURE_MEMBER_IMPORT_VISIBILITY = YES;
				SWIFT_VERSION = 5.0;
				VALIDATE_PRODUCT = YES;
			};
			name = Release;
		};
		B0010003 /* Debug */ = {
			isa = XCBuildConfiguration;
			buildSettings = {
				ALWAYS_SEARCH_USER_PATHS = NO;
				CLANG_ANALYZER_NONNULL = YES;
				CLANG_ENABLE_MODULES = YES;
				CLANG_ENABLE_OBJC_ARC = YES;
				CLANG_WARN_BLOCK_CAPTURE_AUTORELEASING = YES;
				CLANG_WARN_BOOL_CONVERSION = YES;
				CLANG_WARN_COMMA = YES;
				CLANG_WARN_CONSTANT_CONVERSION = YES;
				CLANG_WARN_DEPRECATED_OBJC_IMPLEMENTATIONS = YES;
				CLANG_WARN_EMPTY_BODY = YES;
				CLANG_WARN_ENUM_CONVERSION = YES;
				CLANG_WARN_INFINITE_RECURSION = YES;
				CLANG_WARN_INT_CONVERSION = YES;
				CLANG_WARN_NON_LITERAL_NULL_CONVERSION = YES;
				CLANG_WARN_OBJC_IMPLICIT_RETAIN_SELF = YES;
				CLANG_WARN_OBJC_LITERAL_CONVERSION = YES;
				CLANG_WARN_QUOTED_INCLUDE_IN_FRAMEWORK_HEADER = YES;
				CLANG_WARN_RANGE_LOOP_ANALYSIS = YES;
				CLANG_WARN_STRICT_PROTOTYPES = YES;
				CLANG_WARN_SUSPICIOUS_MOVE = YES;
				CLANG_WARN_UNREACHABLE_CODE = YES;
				CLANG_WARN__DUPLICATE_METHOD_MATCH = YES;
				COPY_PHASE_STRIP = NO;
				DEBUG_INFORMATION_FORMAT = dwarf;
				ENABLE_STRICT_OBJC_MSGSEND = YES;
				ENABLE_TESTABILITY = YES;
				ENABLE_USER_SCRIPT_SANDBOXING = YES;
				GCC_NO_COMMON_BLOCKS = YES;
				GCC_OPTIMIZATION_LEVEL = 0;
				GCC_PREPROCESSOR_DEFINITIONS = (
					"DEBUG=1",
					"$(inherited)",
				);
				GCC_WARN_64_TO_32_BIT_CONVERSION = YES;
				GCC_WARN_ABOUT_RETURN_TYPE = YES_ERROR;
				GCC_WARN_UNDECLARED_SELECTOR = YES;
				GCC_WARN_UNINITIALIZED_AUTOS = YES_AGGRESSIVE;
				GCC_WARN_UNUSED_FUNCTION = YES;
				GCC_WARN_UNUSED_VARIABLE = YES;
				IPHONEOS_DEPLOYMENT_TARGET = 17.0;
				ONLY_ACTIVE_ARCH = YES;
				SDKROOT = iphoneos;
				STRING_CATALOG_GENERATE_SYMBOLS = YES;
				SWIFT_ACTIVE_COMPILATION_CONDITIONS = "DEBUG $(inherited)";
				SWIFT_OPTIMIZATION_LEVEL = "-Onone";
			};
			name = Debug;
		};
		B0010004 /* Release */ = {
			isa = XCBuildConfiguration;
			buildSettings = {
				ALWAYS_SEARCH_USER_PATHS = NO;
				CLANG_ANALYZER_NONNULL = YES;
				CLANG_ENABLE_MODULES = YES;
				CLANG_ENABLE_OBJC_ARC = YES;
				CLANG_WARN_BLOCK_CAPTURE_AUTORELEASING = YES;
				CLANG_WARN_COMMA = YES;
				CLANG_WARN_DEPRECATED_OBJC_IMPLEMENTATIONS = YES;
				CLANG_WARN_INFINITE_RECURSION = YES;
				CLANG_WARN_NON_LITERAL_NULL_CONVERSION = YES;
				CLANG_WARN_OBJC_IMPLICIT_RETAIN_SELF = YES;
				CLANG_WARN_OBJC_LITERAL_CONVERSION = YES;
				CLANG_WARN_QUOTED_INCLUDE_IN_FRAMEWORK_HEADER = YES;
				CLANG_WARN_RANGE_LOOP_ANALYSIS = YES;
				CLANG_WARN_STRICT_PROTOTYPES = YES;
				CLANG_WARN_SUSPICIOUS_MOVE = YES;
				CLANG_WARN__DUPLICATE_METHOD_MATCH = YES;
				COPY_PHASE_STRIP = NO;
				DEBUG_INFORMATION_FORMAT = "dwarf-with-dsym";
				ENABLE_NS_ASSERTIONS = NO;
				ENABLE_STRICT_OBJC_MSGSEND = YES;
				ENABLE_USER_SCRIPT_SANDBOXING = YES;
				GCC_NO_COMMON_BLOCKS = YES;
				GCC_WARN_64_TO_32_BIT_CONVERSION = YES;
				GCC_WARN_ABOUT_RETURN_TYPE = YES_ERROR;
				GCC_WARN_UNDECLARED_SELECTOR = YES;
				GCC_WARN_UNINITIALIZED_AUTOS = YES_AGGRESSIVE;
				GCC_WARN_UNUSED_FUNCTION = YES;
				GCC_WARN_UNUSED_VARIABLE = YES;
				IPHONEOS_DEPLOYMENT_TARGET = 17.0;
				SDKROOT = iphoneos;
				STRING_CATALOG_GENERATE_SYMBOLS = YES;
				SWIFT_COMPILATION_MODE = wholemodule;
			};
			name = Release;
		};
		B0010031 /* Debug */ = {
			isa = XCBuildConfiguration;
			buildSettings = {
				ASSETCATALOG_COMPILER_APPICON_NAME = AppIcon;
				ASSETCATALOG_COMPILER_GLOBAL_ACCENT_COLOR_NAME = AccentColor;
				CODE_SIGN_ENTITLEMENTS = Aerun/Aerun.entitlements;
				CODE_SIGN_STYLE = Automatic;
				CURRENT_PROJECT_VERSION = 1;
				DEVELOPMENT_ASSET_PATHS = "";
				DEVELOPMENT_TEAM = 29D4N8W2J4;
				ENABLE_PREVIEWS = YES;
				GENERATE_INFOPLIST_FILE = YES;
				INFOPLIST_FILE = Aerun/Info.plist;
				INFOPLIST_KEY_NSHealthShareUsageDescription = "aeRUN uses your Apple Health data to estimate a safer heart rate zone for your runs.";
				INFOPLIST_KEY_UIApplicationSceneManifest_Generation = YES;
				INFOPLIST_KEY_UILaunchScreen_Generation = YES;
				INFOPLIST_KEY_UIStatusBarStyle = "";
				LD_RUNPATH_SEARCH_PATHS = (
					"$(inherited)",
					"@executable_path/Frameworks",
				);
				MARKETING_VERSION = 1.0;
				PRODUCT_BUNDLE_IDENTIFIER = com.baesabil.aerun.watchkitapp;
				PRODUCT_NAME = "$(TARGET_NAME)";
				SUPPORTED_PLATFORMS = "iphoneos iphonesimulator";
				SUPPORTS_MACCATALYST = NO;
				SUPPORTS_XR_DESIGNED_FOR_IPHONE_IPAD = NO;
				SWIFT_EMIT_LOC_STRINGS = YES;
				SWIFT_VERSION = 5.0;
				TARGETED_DEVICE_FAMILY = "1,2";
			};
			name = Debug;
		};
		B0010032 /* Release */ = {
			isa = XCBuildConfiguration;
			buildSettings = {
				ASSETCATALOG_COMPILER_APPICON_NAME = AppIcon;
				ASSETCATALOG_COMPILER_GLOBAL_ACCENT_COLOR_NAME = AccentColor;
				CODE_SIGN_ENTITLEMENTS = Aerun/Aerun.entitlements;
				CODE_SIGN_STYLE = Automatic;
				CURRENT_PROJECT_VERSION = 1;
				DEVELOPMENT_ASSET_PATHS = "";
				DEVELOPMENT_TEAM = 29D4N8W2J4;
				ENABLE_PREVIEWS = YES;
				GENERATE_INFOPLIST_FILE = YES;
				INFOPLIST_FILE = Aerun/Info.plist;
				INFOPLIST_KEY_NSHealthShareUsageDescription = "aeRUN uses your Apple Health data to estimate a safer heart rate zone for your runs.";
				INFOPLIST_KEY_UIApplicationSceneManifest_Generation = YES;
				INFOPLIST_KEY_UILaunchScreen_Generation = YES;
				INFOPLIST_KEY_UIStatusBarStyle = "";
				LD_RUNPATH_SEARCH_PATHS = (
					"$(inherited)",
					"@executable_path/Frameworks",
				);
				MARKETING_VERSION = 1.0;
				PRODUCT_BUNDLE_IDENTIFIER = com.baesabil.aerun.watchkitapp;
				PRODUCT_NAME = "$(TARGET_NAME)";
				SUPPORTED_PLATFORMS = "iphoneos iphonesimulator";
				SUPPORTS_MACCATALYST = NO;
				SUPPORTS_XR_DESIGNED_FOR_IPHONE_IPAD = NO;
				SWIFT_EMIT_LOC_STRINGS = YES;
				SWIFT_VERSION = 5.0;
				TARGETED_DEVICE_FAMILY = "1,2";
			};
			name = Release;
		};
/* End XCBuildConfiguration section */

/* Begin XCConfigurationList section */
		A21C150B2FA7A31100309272 /* Build configuration list for PBXNativeTarget "aerun Watch App" */ = {
			isa = XCConfigurationList;
			buildConfigurations = (
				A21C150C2FA7A31100309272 /* Debug */,
				A21C150D2FA7A31100309272 /* Release */,
			);
			defaultConfigurationIsVisible = 0;
			defaultConfigurationName = Release;
		};
		A21C150F2FA7A31100309272 /* Build configuration list for PBXNativeTarget "aerun" */ = {
			isa = XCConfigurationList;
			buildConfigurations = (
				A21C15102FA7A31100309272 /* Debug */,
				A21C15112FA7A31100309272 /* Release */,
			);
			defaultConfigurationIsVisible = 0;
			defaultConfigurationName = Release;
		};
		B0010002 /* Build configuration list for PBXProject "Aerun" */ = {
			isa = XCConfigurationList;
			buildConfigurations = (
				B0010003 /* Debug */,
				B0010004 /* Release */,
			);
			defaultConfigurationIsVisible = 0;
			defaultConfigurationName = Release;
		};
		B0010030 /* Build configuration list for PBXNativeTarget "Aerun" */ = {
			isa = XCConfigurationList;
			buildConfigurations = (
				B0010031 /* Debug */,
				B0010032 /* Release */,
			);
			defaultConfigurationIsVisible = 0;
			defaultConfigurationName = Release;
		};
/* End XCConfigurationList section */
	};
	rootObject = B0010001 /* Project object */;
}
