// !$*UTF8*$!
{
	archiveVersion = 1;
	classes = {
	};
	objectVersion = 56;
	objects = {

/* Begin PBXBuildFile section */
		353255322FA5F7D700B1D01C /* HomeViewModel.swift in Sources */ = {isa = PBXBuildFile; fileRef = 353255212FA5F7D700B1D01C /* HomeViewModel.swift */; };
		353255332FA5F7D700B1D01C /* HapticExplanationView.swift in Sources */ = {isa = PBXBuildFile; fileRef = 353255262FA5F7D700B1D01C /* HapticExplanationView.swift */; };
		353255342FA5F7D700B1D01C /* OnboardingViewModel.swift in Sources */ = {isa = PBXBuildFile; fileRef = 353255272FA5F7D700B1D01C /* OnboardingViewModel.swift */; };
		353255352FA5F7D700B1D01C /* UserProfile.swift in Sources */ = {isa = PBXBuildFile; fileRef = 3532552C2FA5F7D700B1D01C /* UserProfile.swift */; };
		353255362FA5F7D700B1D01C /* PrimaryButton.swift in Sources */ = {isa = PBXBuildFile; fileRef = 3532551D2FA5F7D700B1D01C /* PrimaryButton.swift */; };
		353255372FA5F7D700B1D01C /* AerunApp.swift in Sources */ = {isa = PBXBuildFile; fileRef = 353255192FA5F7D700B1D01C /* AerunApp.swift */; };
		353255382FA5F7D700B1D01C /* HeartRateZone.swift in Sources */ = {isa = PBXBuildFile; fileRef = 3532552B2FA5F7D700B1D01C /* HeartRateZone.swift */; };
		353255392FA5F7D700B1D01C /* Typography.swift in Sources */ = {isa = PBXBuildFile; fileRef = 3532551E2FA5F7D700B1D01C /* Typography.swift */; };
		3532553A2FA5F7D700B1D01C /* ConnectHealthView.swift in Sources */ = {isa = PBXBuildFile; fileRef = 353255232FA5F7D700B1D01C /* ConnectHealthView.swift */; };
		3532553B2FA5F7D700B1D01C /* ContentView.swift in Sources */ = {isa = PBXBuildFile; fileRef = 3532551A2FA5F7D700B1D01C /* ContentView.swift */; };
		3532553C2FA5F7D700B1D01C /* WatchConnectivityService.swift in Sources */ = {isa = PBXBuildFile; fileRef = 3532552F2FA5F7D700B1D01C /* WatchConnectivityService.swift */; };
		3532553D2FA5F7D700B1D01C /* YoureAllSetView.swift in Sources */ = {isa = PBXBuildFile; fileRef = 353255282FA5F7D700B1D01C /* YoureAllSetView.swift */; };
		3532553E2FA5F7D700B1D01C /* GreetingView.swift in Sources */ = {isa = PBXBuildFile; fileRef = 353255252FA5F7D700B1D01C /* GreetingView.swift */; };
		3532553F2FA5F7D700B1D01C /* HealthKitService.swift in Sources */ = {isa = PBXBuildFile; fileRef = 3532552E2FA5F7D700B1D01C /* HealthKitService.swift */; };
		353255402FA5F7D700B1D01C /* ConnectWatchView.swift in Sources */ = {isa = PBXBuildFile; fileRef = 353255242FA5F7D700B1D01C /* ConnectWatchView.swift */; };
		353255412FA5F7D700B1D01C /* HomeView.swift in Sources */ = {isa = PBXBuildFile; fileRef = 353255202FA5F7D700B1D01C /* HomeView.swift */; };
		353255422FA5F7D700B1D01C /* Colors.swift in Sources */ = {isa = PBXBuildFile; fileRef = 3532551C2FA5F7D700B1D01C /* Colors.swift */; };
		353255442FA5F91900B1D01C /* Assets.xcassets in Resources */ = {isa = PBXBuildFile; fileRef = 353255432FA5F91900B1D01C /* Assets.xcassets */; };
		353255462FA6069700B1D01C /* OnboardingContainerView.swift in Sources */ = {isa = PBXBuildFile; fileRef = 353255452FA6068C00B1D01C /* OnboardingContainerView.swift */; };
/* End PBXBuildFile section */

/* Begin PBXFileReference section */
		353255192FA5F7D700B1D01C /* AerunApp.swift */ = {isa = PBXFileReference; lastKnownFileType = sourcecode.swift; path = AerunApp.swift; sourceTree = "<group>"; };
		3532551A2FA5F7D700B1D01C /* ContentView.swift */ = {isa = PBXFileReference; lastKnownFileType = sourcecode.swift; path = ContentView.swift; sourceTree = "<group>"; };
		3532551C2FA5F7D700B1D01C /* Colors.swift */ = {isa = PBXFileReference; lastKnownFileType = sourcecode.swift; path = Colors.swift; sourceTree = "<group>"; };
		3532551D2FA5F7D700B1D01C /* PrimaryButton.swift */ = {isa = PBXFileReference; lastKnownFileType = sourcecode.swift; path = PrimaryButton.swift; sourceTree = "<group>"; };
		3532551E2FA5F7D700B1D01C /* Typography.swift */ = {isa = PBXFileReference; lastKnownFileType = sourcecode.swift; path = Typography.swift; sourceTree = "<group>"; };
		353255202FA5F7D700B1D01C /* HomeView.swift */ = {isa = PBXFileReference; lastKnownFileType = sourcecode.swift; path = HomeView.swift; sourceTree = "<group>"; };
		353255212FA5F7D700B1D01C /* HomeViewModel.swift */ = {isa = PBXFileReference; lastKnownFileType = sourcecode.swift; path = HomeViewModel.swift; sourceTree = "<group>"; };
		353255232FA5F7D700B1D01C /* ConnectHealthView.swift */ = {isa = PBXFileReference; lastKnownFileType = sourcecode.swift; path = ConnectHealthView.swift; sourceTree = "<group>"; };
		353255242FA5F7D700B1D01C /* ConnectWatchView.swift */ = {isa = PBXFileReference; lastKnownFileType = sourcecode.swift; path = ConnectWatchView.swift; sourceTree = "<group>"; };
		353255252FA5F7D700B1D01C /* GreetingView.swift */ = {isa = PBXFileReference; lastKnownFileType = sourcecode.swift; path = GreetingView.swift; sourceTree = "<group>"; };
		353255262FA5F7D700B1D01C /* HapticExplanationView.swift */ = {isa = PBXFileReference; lastKnownFileType = sourcecode.swift; path = HapticExplanationView.swift; sourceTree = "<group>"; };
		353255272FA5F7D700B1D01C /* OnboardingViewModel.swift */ = {isa = PBXFileReference; lastKnownFileType = sourcecode.swift; path = OnboardingViewModel.swift; sourceTree = "<group>"; };
		353255282FA5F7D700B1D01C /* YoureAllSetView.swift */ = {isa = PBXFileReference; lastKnownFileType = sourcecode.swift; path = YoureAllSetView.swift; sourceTree = "<group>"; };
		3532552B2FA5F7D700B1D01C /* HeartRateZone.swift */ = {isa = PBXFileReference; lastKnownFileType = sourcecode.swift; path = HeartRateZone.swift; sourceTree = "<group>"; };
		3532552C2FA5F7D700B1D01C /* UserProfile.swift */ = {isa = PBXFileReference; lastKnownFileType = sourcecode.swift; path = UserProfile.swift; sourceTree = "<group>"; };
		3532552E2FA5F7D700B1D01C /* HealthKitService.swift */ = {isa = PBXFileReference; lastKnownFileType = sourcecode.swift; path = HealthKitService.swift; sourceTree = "<group>"; };
		3532552F2FA5F7D700B1D01C /* WatchConnectivityService.swift */ = {isa = PBXFileReference; lastKnownFileType = sourcecode.swift; path = WatchConnectivityService.swift; sourceTree = "<group>"; };
		353255432FA5F91900B1D01C /* Assets.xcassets */ = {isa = PBXFileReference; lastKnownFileType = folder.assetcatalog; name = Assets.xcassets; path = Aerun/Assets.xcassets; sourceTree = "<group>"; };
		353255452FA6068C00B1D01C /* OnboardingContainerView.swift */ = {isa = PBXFileReference; lastKnownFileType = sourcecode.swift; path = OnboardingContainerView.swift; sourceTree = "<group>"; };
		353255472FA613EA00B1D01C /* Aerun.entitlements */ = {isa = PBXFileReference; lastKnownFileType = text.plist.entitlements; name = Aerun.entitlements; path = Aerun/Aerun.entitlements; sourceTree = "<group>"; };
		353255482FA6144800B1D01C /* Info.plist */ = {isa = PBXFileReference; lastKnownFileType = text.plist; name = Info.plist; path = Aerun/Info.plist; sourceTree = "<group>"; };
		B0010010 /* Aerun.app */ = {isa = PBXFileReference; explicitFileType = wrapper.application; includeInIndex = 0; path = Aerun.app; sourceTree = BUILT_PRODUCTS_DIR; };
/* End PBXFileReference section */

/* Begin PBXFrameworksBuildPhase section */
		B0010013 /* Frameworks */ = {
			isa = PBXFrameworksBuildPhase;
			buildActionMask = 2147483647;
			files = (
			);
			runOnlyForDeploymentPostprocessing = 0;
		};
/* End PBXFrameworksBuildPhase section */

/* Begin PBXGroup section */
		3532551B2FA5F7D700B1D01C /* App */ = {
			isa = PBXGroup;
			children = (
				353255192FA5F7D700B1D01C /* AerunApp.swift */,
				3532551A2FA5F7D700B1D01C /* ContentView.swift */,
			);
			path = App;
			sourceTree = "<group>";
		};
		3532551F2FA5F7D700B1D01C /* Common */ = {
			isa = PBXGroup;
			children = (
				3532551C2FA5F7D700B1D01C /* Colors.swift */,
				3532551D2FA5F7D700B1D01C /* PrimaryButton.swift */,
				3532551E2FA5F7D700B1D01C /* Typography.swift */,
			);
			path = Common;
			sourceTree = "<group>";
		};
		353255222FA5F7D700B1D01C /* Home */ = {
			isa = PBXGroup;
			children = (
				353255202FA5F7D700B1D01C /* HomeView.swift */,
				353255212FA5F7D700B1D01C /* HomeViewModel.swift */,
			);
			path = Home;
			sourceTree = "<group>";
		};
		353255292FA5F7D700B1D01C /* Onboarding */ = {
			isa = PBXGroup;
			children = (
				353255452FA6068C00B1D01C /* OnboardingContainerView.swift */,
				353255232FA5F7D700B1D01C /* ConnectHealthView.swift */,
				353255242FA5F7D700B1D01C /* ConnectWatchView.swift */,
				353255252FA5F7D700B1D01C /* GreetingView.swift */,
				353255262FA5F7D700B1D01C /* HapticExplanationView.swift */,
				353255272FA5F7D700B1D01C /* OnboardingViewModel.swift */,
				353255282FA5F7D700B1D01C /* YoureAllSetView.swift */,
			);
			path = Onboarding;
			sourceTree = "<group>";
		};
		3532552A2FA5F7D700B1D01C /* Features */ = {
			isa = PBXGroup;
			children = (
				3532551F2FA5F7D700B1D01C /* Common */,
				353255222FA5F7D700B1D01C /* Home */,
				353255292FA5F7D700B1D01C /* Onboarding */,
			);
			path = Features;
			sourceTree = "<group>";
		};
		3532552D2FA5F7D700B1D01C /* Models */ = {
			isa = PBXGroup;
			children = (
				3532552B2FA5F7D700B1D01C /* HeartRateZone.swift */,
				3532552C2FA5F7D700B1D01C /* UserProfile.swift */,
			);
			path = Models;
			sourceTree = "<group>";
		};
		353255302FA5F7D700B1D01C /* Services */ = {
			isa = PBXGroup;
			children = (
				3532552E2FA5F7D700B1D01C /* HealthKitService.swift */,
				3532552F2FA5F7D700B1D01C /* WatchConnectivityService.swift */,
			);
			path = Services;
			sourceTree = "<group>";
		};
		353255312FA5F7D700B1D01C /* IOS */ = {
			isa = PBXGroup;
			children = (
				3532551B2FA5F7D700B1D01C /* App */,
				3532552A2FA5F7D700B1D01C /* Features */,
				3532552D2FA5F7D700B1D01C /* Models */,
				353255302FA5F7D700B1D01C /* Services */,
			);
			name = IOS;
			path = Aerun/IOS;
			sourceTree = "<group>";
		};
		B0010021 /* Products */ = {
			isa = PBXGroup;
			children = (
				B0010010 /* Aerun.app */,
			);
			name = Products;
			sourceTree = "<group>";
		};
		B0010022 = {
			isa = PBXGroup;
			children = (
				353255482FA6144800B1D01C /* Info.plist */,
				353255472FA613EA00B1D01C /* Aerun.entitlements */,
				353255432FA5F91900B1D01C /* Assets.xcassets */,
				353255312FA5F7D700B1D01C /* IOS */,
				B0010021 /* Products */,
			);
			sourceTree = "<group>";
		};
/* End PBXGroup section */

/* Begin PBXNativeTarget section */
		B0010014 /* Aerun */ = {
			isa = PBXNativeTarget;
			buildConfigurationList = B0010030 /* Build configuration list for PBXNativeTarget "Aerun" */;
			buildPhases = (
				B0010012 /* Sources */,
				B0010013 /* Frameworks */,
				B0010015 /* Resources */,
			);
			buildRules = (
			);
			dependencies = (
			);
			name = Aerun;
			productName = Aerun;
			productReference = B0010010 /* Aerun.app */;
			productType = "com.apple.product-type.application";
		};
/* End PBXNativeTarget section */

/* Begin PBXProject section */
		B0010001 /* Project object */ = {
			isa = PBXProject;
			attributes = {
				BuildIndependentTargetsInParallel = 1;
				LastSwiftUpdateCheck = 1500;
				LastUpgradeCheck = 2640;
				TargetAttributes = {
					B0010014 = {
						CreatedOnToolsVersion = 15.0;
					};
				};
			};
			buildConfigurationList = B0010002 /* Build configuration list for PBXProject "Aerun" */;
			compatibilityVersion = "Xcode 14.0";
			developmentRegion = en;
			hasScannedForEncodings = 0;
			knownRegions = (
				en,
				Base,
			);
			mainGroup = B0010022;
			productRefGroup = B0010021 /* Products */;
			projectDirPath = "";
			projectRoot = "";
			targets = (
				B0010014 /* Aerun */,
			);
		};
/* End PBXProject section */

/* Begin PBXResourcesBuildPhase section */
		B0010015 /* Resources */ = {
			isa = PBXResourcesBuildPhase;
			buildActionMask = 2147483647;
			files = (
				353255442FA5F91900B1D01C /* Assets.xcassets in Resources */,
			);
			runOnlyForDeploymentPostprocessing = 0;
		};
/* End PBXResourcesBuildPhase section */

/* Begin PBXSourcesBuildPhase section */
		B0010012 /* Sources */ = {
			isa = PBXSourcesBuildPhase;
			buildActionMask = 2147483647;
			files = (
				353255322FA5F7D700B1D01C /* HomeViewModel.swift in Sources */,
				353255332FA5F7D700B1D01C /* HapticExplanationView.swift in Sources */,
				353255342FA5F7D700B1D01C /* OnboardingViewModel.swift in Sources */,
				353255352FA5F7D700B1D01C /* UserProfile.swift in Sources */,
				353255362FA5F7D700B1D01C /* PrimaryButton.swift in Sources */,
				353255372FA5F7D700B1D01C /* AerunApp.swift in Sources */,
				353255382FA5F7D700B1D01C /* HeartRateZone.swift in Sources */,
				353255392FA5F7D700B1D01C /* Typography.swift in Sources */,
				3532553A2FA5F7D700B1D01C /* ConnectHealthView.swift in Sources */,
				3532553B2FA5F7D700B1D01C /* ContentView.swift in Sources */,
				3532553C2FA5F7D700B1D01C /* WatchConnectivityService.swift in Sources */,
				3532553D2FA5F7D700B1D01C /* YoureAllSetView.swift in Sources */,
				3532553E2FA5F7D700B1D01C /* GreetingView.swift in Sources */,
				3532553F2FA5F7D700B1D01C /* HealthKitService.swift in Sources */,
				353255402FA5F7D700B1D01C /* ConnectWatchView.swift in Sources */,
				353255412FA5F7D700B1D01C /* HomeView.swift in Sources */,
				353255422FA5F7D700B1D01C /* Colors.swift in Sources */,
				353255462FA6069700B1D01C /* OnboardingContainerView.swift in Sources */,
			);
			runOnlyForDeploymentPostprocessing = 0;
		};
/* End PBXSourcesBuildPhase section */

/* Begin XCBuildConfiguration section */
		B0010003 /* Debug */ = {
			isa = XCBuildConfiguration;
			buildSettings = {
				ALWAYS_SEARCH_USER_PATHS = NO;
				CLANG_ANALYZER_NONNULL = YES;
				CLANG_ENABLE_MODULES = YES;
				CLANG_ENABLE_OBJC_ARC = YES;
				CLANG_WARN_BLOCK_CAPTURE_AUTORELEASING = YES;
				CLANG_WARN_BOOL_CONVERSION = YES;
				CLANG_WARN_COMMA = YES;
				CLANG_WARN_CONSTANT_CONVERSION = YES;
				CLANG_WARN_DEPRECATED_OBJC_IMPLEMENTATIONS = YES;
				CLANG_WARN_EMPTY_BODY = YES;
				CLANG_WARN_ENUM_CONVERSION = YES;
				CLANG_WARN_INFINITE_RECURSION = YES;
				CLANG_WARN_INT_CONVERSION = YES;
				CLANG_WARN_NON_LITERAL_NULL_CONVERSION = YES;
				CLANG_WARN_OBJC_IMPLICIT_RETAIN_SELF = YES;
				CLANG_WARN_OBJC_LITERAL_CONVERSION = YES;
				CLANG_WARN_QUOTED_INCLUDE_IN_FRAMEWORK_HEADER = YES;
				CLANG_WARN_RANGE_LOOP_ANALYSIS = YES;
				CLANG_WARN_STRICT_PROTOTYPES = YES;
				CLANG_WARN_SUSPICIOUS_MOVE = YES;
				CLANG_WARN_UNREACHABLE_CODE = YES;
				CLANG_WARN__DUPLICATE_METHOD_MATCH = YES;
				COPY_PHASE_STRIP = NO;
				DEBUG_INFORMATION_FORMAT = dwarf;
				ENABLE_STRICT_OBJC_MSGSEND = YES;
				ENABLE_TESTABILITY = YES;
				ENABLE_USER_SCRIPT_SANDBOXING = YES;
				GCC_NO_COMMON_BLOCKS = YES;
				GCC_OPTIMIZATION_LEVEL = 0;
				GCC_PREPROCESSOR_DEFINITIONS = (
					"DEBUG=1",
					"$(inherited)",
				);
				GCC_WARN_64_TO_32_BIT_CONVERSION = YES;
				GCC_WARN_ABOUT_RETURN_TYPE = YES_ERROR;
				GCC_WARN_UNDECLARED_SELECTOR = YES;
				GCC_WARN_UNINITIALIZED_AUTOS = YES_AGGRESSIVE;
				GCC_WARN_UNUSED_FUNCTION = YES;
				GCC_WARN_UNUSED_VARIABLE = YES;
				IPHONEOS_DEPLOYMENT_TARGET = 17.0;
				ONLY_ACTIVE_ARCH = YES;
				SDKROOT = iphoneos;
				STRING_CATALOG_GENERATE_SYMBOLS = YES;
				SWIFT_ACTIVE_COMPILATION_CONDITIONS = "DEBUG $(inherited)";
				SWIFT_OPTIMIZATION_LEVEL = "-Onone";
			};
			name = Debug;
		};
		B0010004 /* Release */ = {
			isa = XCBuildConfiguration;
			buildSettings = {
				ALWAYS_SEARCH_USER_PATHS = NO;
				CLANG_ANALYZER_NONNULL = YES;
				CLANG_ENABLE_MODULES = YES;
				CLANG_ENABLE_OBJC_ARC = YES;
				CLANG_WARN_BLOCK_CAPTURE_AUTORELEASING = YES;
				CLANG_WARN_COMMA = YES;
				CLANG_WARN_DEPRECATED_OBJC_IMPLEMENTATIONS = YES;
				CLANG_WARN_INFINITE_RECURSION = YES;
				CLANG_WARN_NON_LITERAL_NULL_CONVERSION = YES;
				CLANG_WARN_OBJC_IMPLICIT_RETAIN_SELF = YES;
				CLANG_WARN_OBJC_LITERAL_CONVERSION = YES;
				CLANG_WARN_QUOTED_INCLUDE_IN_FRAMEWORK_HEADER = YES;
				CLANG_WARN_RANGE_LOOP_ANALYSIS = YES;
				CLANG_WARN_STRICT_PROTOTYPES = YES;
				CLANG_WARN_SUSPICIOUS_MOVE = YES;
				CLANG_WARN__DUPLICATE_METHOD_MATCH = YES;
				COPY_PHASE_STRIP = NO;
				DEBUG_INFORMATION_FORMAT = "dwarf-with-dsym";
				ENABLE_NS_ASSERTIONS = NO;
				ENABLE_STRICT_OBJC_MSGSEND = YES;
				ENABLE_USER_SCRIPT_SANDBOXING = YES;
				GCC_NO_COMMON_BLOCKS = YES;
				GCC_WARN_64_TO_32_BIT_CONVERSION = YES;
				GCC_WARN_ABOUT_RETURN_TYPE = YES_ERROR;
				GCC_WARN_UNDECLARED_SELECTOR = YES;
				GCC_WARN_UNINITIALIZED_AUTOS = YES_AGGRESSIVE;
				GCC_WARN_UNUSED_FUNCTION = YES;
				GCC_WARN_UNUSED_VARIABLE = YES;
				IPHONEOS_DEPLOYMENT_TARGET = 17.0;
				SDKROOT = iphoneos;
				STRING_CATALOG_GENERATE_SYMBOLS = YES;
				SWIFT_COMPILATION_MODE = wholemodule;
			};
			name = Release;
		};
		B0010031 /* Debug */ = {
			isa = XCBuildConfiguration;
			buildSettings = {
				ASSETCATALOG_COMPILER_APPICON_NAME = AppIcon;
				ASSETCATALOG_COMPILER_GLOBAL_ACCENT_COLOR_NAME = AccentColor;
				CODE_SIGN_ENTITLEMENTS = Aerun/Aerun.entitlements;
				CODE_SIGN_STYLE = Automatic;
				CURRENT_PROJECT_VERSION = 1;
				DEVELOPMENT_ASSET_PATHS = "\"Aerun/Preview Content\"";
				DEVELOPMENT_TEAM = 47T6L682CY;
				ENABLE_PREVIEWS = YES;
				GENERATE_INFOPLIST_FILE = YES;
				INFOPLIST_FILE = Aerun/Info.plist;
				INFOPLIST_KEY_NSHealthShareUsageDescription = "aeRUN uses your Apple Health data to estimate a safer heart rate zone for your runs.";
				INFOPLIST_KEY_UIApplicationSceneManifest_Generation = YES;
				INFOPLIST_KEY_UILaunchScreen_Generation = YES;
				LD_RUNPATH_SEARCH_PATHS = (
					"$(inherited)",
					"@executable_path/Frameworks",
				);
				MARKETING_VERSION = 1.0;
				PRODUCT_BUNDLE_IDENTIFIER = com.baesabil.Aerun;
				PRODUCT_NAME = "$(TARGET_NAME)";
				SWIFT_EMIT_LOC_STRINGS = YES;
				SWIFT_VERSION = 5.0;
				TARGETED_DEVICE_FAMILY = "1,2";
			};
			name = Debug;
		};
		B0010032 /* Release */ = {
			isa = XCBuildConfiguration;
			buildSettings = {
				ASSETCATALOG_COMPILER_APPICON_NAME = AppIcon;
				ASSETCATALOG_COMPILER_GLOBAL_ACCENT_COLOR_NAME = AccentColor;
				CODE_SIGN_ENTITLEMENTS = Aerun/Aerun.entitlements;
				CODE_SIGN_STYLE = Automatic;
				CURRENT_PROJECT_VERSION = 1;
				DEVELOPMENT_ASSET_PATHS = "\"Aerun/Preview Content\"";
				DEVELOPMENT_TEAM = 47T6L682CY;
				ENABLE_PREVIEWS = YES;
				GENERATE_INFOPLIST_FILE = YES;
				INFOPLIST_FILE = Aerun/Info.plist;
				INFOPLIST_KEY_NSHealthShareUsageDescription = "aeRUN uses your Apple Health data to estimate a safer heart rate zone for your runs.";
				INFOPLIST_KEY_UIApplicationSceneManifest_Generation = YES;
				INFOPLIST_KEY_UILaunchScreen_Generation = YES;
				LD_RUNPATH_SEARCH_PATHS = (
					"$(inherited)",
					"@executable_path/Frameworks",
				);
				MARKETING_VERSION = 1.0;
				PRODUCT_BUNDLE_IDENTIFIER = com.baesabil.Aerun;
				PRODUCT_NAME = "$(TARGET_NAME)";
				SWIFT_EMIT_LOC_STRINGS = YES;
				SWIFT_VERSION = 5.0;
				TARGETED_DEVICE_FAMILY = "1,2";
			};
			name = Release;
		};
/* End XCBuildConfiguration section */

/* Begin XCConfigurationList section */
		B0010002 /* Build configuration list for PBXProject "Aerun" */ = {
			isa = XCConfigurationList;
			buildConfigurations = (
				B0010003 /* Debug */,
				B0010004 /* Release */,
			);
			defaultConfigurationIsVisible = 0;
			defaultConfigurationName = Release;
		};
		B0010030 /* Build configuration list for PBXNativeTarget "Aerun" */ = {
			isa = XCConfigurationList;
			buildConfigurations = (
				B0010031 /* Debug */,
				B0010032 /* Release */,
			);
			defaultConfigurationIsVisible = 0;
			defaultConfigurationName = Release;
		};
/* End XCConfigurationList section */
	};
	rootObject = B0010001 /* Project object */;
}
